
Microsoft Visual Studio Solution File, Format Version 12.00
# Visual Studio 15
VisualStudioVersion = 15.0.28010.2050
MinimumVisualStudioVersion = 10.0.40219.1
Project("{2150E333-8FDC-42A3-9474-1A3956D46DE8}") = "Domain", "Domain", "{9F9962A5-E632-4E8F-974E-156F220CC28D}"
EndProject
Project("{2150E333-8FDC-42A3-9474-1A3956D46DE8}") = "Infra", "Infra", "{2AB451CD-64D0-4498-9DF3-A38E8324CB30}"
EndProject
Project("{9A19103F-16F7-4668-BE54-9A1E7A4F7556}") = "Airplane.Domain", "src\Airplane.Domain\Airplane.Domain.csproj", "{6A73A2A5-78D2-4D40-A114-2AA61505BF97}"
EndProject
Project("{9A19103F-16F7-4668-BE54-9A1E7A4F7556}") = "Airplane.Data", "src\Airplane.Data\Airplane.Data.csproj", "{0065C545-8C74-459B-9A16-8065C0F04EC0}"
EndProject
Project("{9A19103F-16F7-4668-BE54-9A1E7A4F7556}") = "Airplane.Domain.Core", "src\Airplane.Domain.Core\Airplane.Domain.Core.csproj", "{8AFBB5AF-E028-4901-A0ED-1BD930CD6537}"
EndProject
Project("{2150E333-8FDC-42A3-9474-1A3956D46DE8}") = "Aplication", "Aplication", "{0989BB8C-73E3-4B6C-BEE5-750329B70228}"
EndProject
Project("{9A19103F-16F7-4668-BE54-9A1E7A4F7556}") = "Airplane.Application", "src\Airplane.Application\Airplane.Application.csproj", "{BDAFBB66-5374-42FF-B5DA-F9B558C0D6A8}"
EndProject
Project("{9A19103F-16F7-4668-BE54-9A1E7A4F7556}") = "Airplane.API", "src\Airplane.API\Airplane.API.csproj", "{1A25C96F-0E99-456E-B4D6-9BE9F1FA0A01}"
EndProject
Project("{9A19103F-16F7-4668-BE54-9A1E7A4F7556}") = "Airplane.IOC", "src\Airplane.IOC\Airplane.IOC.csproj", "{1C24959D-053E-4AC5-B720-50F446788BB1}"
EndProject
Project("{9A19103F-16F7-4668-BE54-9A1E7A4F7556}") = "Airplane.Bus", "src\Airplane.Bus\Airplane.Bus.csproj", "{3BB771D3-8BFB-401C-8073-ABE4B9183389}"
EndProject
Project("{2150E333-8FDC-42A3-9474-1A3956D46DE8}") = "Architecture", "Architecture", "{8635091F-3CEE-4667-BDF3-E50EDA752851}"
EndProject
Global
	GlobalSection(SolutionConfigurationPlatforms) = preSolution
		Debug|Any CPU = Debug|Any CPU
		Release|Any CPU = Release|Any CPU
	EndGlobalSection
	GlobalSection(ProjectConfigurationPlatforms) = postSolution
		{6A73A2A5-78D2-4D40-A114-2AA61505BF97}.Debug|Any CPU.ActiveCfg = Debug|Any CPU
		{6A73A2A5-78D2-4D40-A114-2AA61505BF97}.Debug|Any CPU.Build.0 = Debug|Any CPU
		{6A73A2A5-78D2-4D40-A114-2AA61505BF97}.Release|Any CPU.ActiveCfg = Release|Any CPU
		{6A73A2A5-78D2-4D40-A114-2AA61505BF97}.Release|Any CPU.Build.0 = Release|Any CPU
		{0065C545-8C74-459B-9A16-8065C0F04EC0}.Debug|Any CPU.ActiveCfg = Debug|Any CPU
		{0065C545-8C74-459B-9A16-8065C0F04EC0}.Debug|Any CPU.Build.0 = Debug|Any CPU
		{0065C545-8C74-459B-9A16-8065C0F04EC0}.Release|Any CPU.ActiveCfg = Release|Any CPU
		{0065C545-8C74-459B-9A16-8065C0F04EC0}.Release|Any CPU.Build.0 = Release|Any CPU
		{8AFBB5AF-E028-4901-A0ED-1BD930CD6537}.Debug|Any CPU.ActiveCfg = Debug|Any CPU
		{8AFBB5AF-E028-4901-A0ED-1BD930CD6537}.Debug|Any CPU.Build.0 = Debug|Any CPU
		{8AFBB5AF-E028-4901-A0ED-1BD930CD6537}.Release|Any CPU.ActiveCfg = Release|Any CPU
		{8AFBB5AF-E028-4901-A0ED-1BD930CD6537}.Release|Any CPU.Build.0 = Release|Any CPU
		{BDAFBB66-5374-42FF-B5DA-F9B558C0D6A8}.Debug|Any CPU.ActiveCfg = Debug|Any CPU
		{BDAFBB66-5374-42FF-B5DA-F9B558C0D6A8}.Debug|Any CPU.Build.0 = Debug|Any CPU
		{BDAFBB66-5374-42FF-B5DA-F9B558C0D6A8}.Release|Any CPU.ActiveCfg = Release|Any CPU
		{BDAFBB66-5374-42FF-B5DA-F9B558C0D6A8}.Release|Any CPU.Build.0 = Release|Any CPU
		{1A25C96F-0E99-456E-B4D6-9BE9F1FA0A01}.Debug|Any CPU.ActiveCfg = Debug|Any CPU
		{1A25C96F-0E99-456E-B4D6-9BE9F1FA0A01}.Debug|Any CPU.Build.0 = Debug|Any CPU
		{1A25C96F-0E99-456E-B4D6-9BE9F1FA0A01}.Release|Any CPU.ActiveCfg = Release|Any CPU
		{1A25C96F-0E99-456E-B4D6-9BE9F1FA0A01}.Release|Any CPU.Build.0 = Release|Any CPU
		{1C24959D-053E-4AC5-B720-50F446788BB1}.Debug|Any CPU.ActiveCfg = Debug|Any CPU
		{1C24959D-053E-4AC5-B720-50F446788BB1}.Debug|Any CPU.Build.0 = Debug|Any CPU
		{1C24959D-053E-4AC5-B720-50F446788BB1}.Release|Any CPU.ActiveCfg = Release|Any CPU
		{1C24959D-053E-4AC5-B720-50F446788BB1}.Release|Any CPU.Build.0 = Release|Any CPU
		{3BB771D3-8BFB-401C-8073-ABE4B9183389}.Debug|Any CPU.ActiveCfg = Debug|Any CPU
		{3BB771D3-8BFB-401C-8073-ABE4B9183389}.Debug|Any CPU.Build.0 = Debug|Any CPU
		{3BB771D3-8BFB-401C-8073-ABE4B9183389}.Release|Any CPU.ActiveCfg = Release|Any CPU
		{3BB771D3-8BFB-401C-8073-ABE4B9183389}.Release|Any CPU.Build.0 = Release|Any CPU
	EndGlobalSection
	GlobalSection(SolutionProperties) = preSolution
		HideSolutionNode = FALSE
	EndGlobalSection
	GlobalSection(NestedProjects) = preSolution
		{9F9962A5-E632-4E8F-974E-156F220CC28D} = {8635091F-3CEE-4667-BDF3-E50EDA752851}
		{2AB451CD-64D0-4498-9DF3-A38E8324CB30} = {8635091F-3CEE-4667-BDF3-E50EDA752851}
		{6A73A2A5-78D2-4D40-A114-2AA61505BF97} = {9F9962A5-E632-4E8F-974E-156F220CC28D}
		{0065C545-8C74-459B-9A16-8065C0F04EC0} = {2AB451CD-64D0-4498-9DF3-A38E8324CB30}
		{8AFBB5AF-E028-4901-A0ED-1BD930CD6537} = {9F9962A5-E632-4E8F-974E-156F220CC28D}
		{0989BB8C-73E3-4B6C-BEE5-750329B70228} = {8635091F-3CEE-4667-BDF3-E50EDA752851}
		{BDAFBB66-5374-42FF-B5DA-F9B558C0D6A8} = {0989BB8C-73E3-4B6C-BEE5-750329B70228}
		{1C24959D-053E-4AC5-B720-50F446788BB1} = {2AB451CD-64D0-4498-9DF3-A38E8324CB30}
		{3BB771D3-8BFB-401C-8073-ABE4B9183389} = {2AB451CD-64D0-4498-9DF3-A38E8324CB30}
	EndGlobalSection
	GlobalSection(ExtensibilityGlobals) = postSolution
		SolutionGuid = {712F7723-8228-4824-8DBD-C2A398EB6D9D}
	EndGlobalSection
EndGlobal
